
Microsoft Visual Studio Solution File, Format Version 12.00
# Visual Studio Version 17
VisualStudioVersion = 17.0.31912.275
MinimumVisualStudioVersion = 10.0.40219.1
Project("{8BC9CEB8-8B4A-11D0-8D11-00A0C91BC942}") = "Nihility", "Nihility.vcxproj", "{88F7F459-EDA9-4F25-97CA-460E8D710021}"
EndProject
Project("{8BC9CEB8-8B4A-11D0-8D11-00A0C91BC942}") = "Demo", "Demo\Demo.vcxproj", "{B40F3917-3551-4C5D-9902-BCCAEE53856A}"
EndProject
Project("{8BC9CEB8-8B4A-11D0-8D11-00A0C91BC942}") = "UnitTests", "UnitTests\UnitTests.vcxproj", "{A338A18D-D92B-45E8-ADCE-691F5973FDB0}"
EndProject
Project("{8BC9CEB8-8B4A-11D0-8D11-00A0C91BC942}") = "Terrain", "Terrain\Terrain.vcxproj", "{D7F35211-A468-4DE2-94B0-B3E49924A43C}"
EndProject
Project("{8BC9CEB8-8B4A-11D0-8D11-00A0C91BC942}") = "Tilemap", "Tilemap\Tilemap.vcxproj", "{658F119E-AC42-464C-B8DD-C91A30CD4029}"
EndProject
Project("{8BC9CEB8-8B4A-11D0-8D11-00A0C91BC942}") = "External", "External\External.vcxproj", "{01DE4924-2CED-4085-AD6F-A21CE70FFBA9}"
EndProject
Global
	GlobalSection(SolutionConfigurationPlatforms) = preSolution
		Debug|x64 = Debug|x64
		Release|x64 = Release|x64
	EndGlobalSection
	GlobalSection(ProjectConfigurationPlatforms) = postSolution
		{88F7F459-EDA9-4F25-97CA-460E8D710021}.Debug|x64.ActiveCfg = Debug|x64
		{88F7F459-EDA9-4F25-97CA-460E8D710021}.Debug|x64.Build.0 = Debug|x64
		{88F7F459-EDA9-4F25-97CA-460E8D710021}.Release|x64.ActiveCfg = Release|x64
		{88F7F459-EDA9-4F25-97CA-460E8D710021}.Release|x64.Build.0 = Release|x64
		{B40F3917-3551-4C5D-9902-BCCAEE53856A}.Debug|x64.ActiveCfg = Debug|x64
		{B40F3917-3551-4C5D-9902-BCCAEE53856A}.Debug|x64.Build.0 = Debug|x64
		{B40F3917-3551-4C5D-9902-BCCAEE53856A}.Release|x64.ActiveCfg = Release|x64
		{B40F3917-3551-4C5D-9902-BCCAEE53856A}.Release|x64.Build.0 = Release|x64
		{A338A18D-D92B-45E8-ADCE-691F5973FDB0}.Debug|x64.ActiveCfg = Debug|x64
		{A338A18D-D92B-45E8-ADCE-691F5973FDB0}.Debug|x64.Build.0 = Debug|x64
		{A338A18D-D92B-45E8-ADCE-691F5973FDB0}.Release|x64.ActiveCfg = Release|x64
		{A338A18D-D92B-45E8-ADCE-691F5973FDB0}.Release|x64.Build.0 = Release|x64
		{D7F35211-A468-4DE2-94B0-B3E49924A43C}.Debug|x64.ActiveCfg = Debug|x64
		{D7F35211-A468-4DE2-94B0-B3E49924A43C}.Debug|x64.Build.0 = Debug|x64
		{D7F35211-A468-4DE2-94B0-B3E49924A43C}.Release|x64.ActiveCfg = Release|x64
		{D7F35211-A468-4DE2-94B0-B3E49924A43C}.Release|x64.Build.0 = Release|x64
		{658F119E-AC42-464C-B8DD-C91A30CD4029}.Debug|x64.ActiveCfg = Debug|x64
		{658F119E-AC42-464C-B8DD-C91A30CD4029}.Debug|x64.Build.0 = Debug|x64
		{658F119E-AC42-464C-B8DD-C91A30CD4029}.Release|x64.ActiveCfg = Release|x64
		{658F119E-AC42-464C-B8DD-C91A30CD4029}.Release|x64.Build.0 = Release|x64
		{01DE4924-2CED-4085-AD6F-A21CE70FFBA9}.Debug|x64.ActiveCfg = Debug|x64
		{01DE4924-2CED-4085-AD6F-A21CE70FFBA9}.Debug|x64.Build.0 = Debug|x64
		{01DE4924-2CED-4085-AD6F-A21CE70FFBA9}.Release|x64.ActiveCfg = Release|x64
		{01DE4924-2CED-4085-AD6F-A21CE70FFBA9}.Release|x64.Build.0 = Release|x64
	EndGlobalSection
	GlobalSection(SolutionProperties) = preSolution
		HideSolutionNode = FALSE
	EndGlobalSection
	GlobalSection(ExtensibilityGlobals) = postSolution
		SolutionGuid = {291A3F43-68E4-4676-A130-6E1BCC4B9BDC}
	EndGlobalSection
EndGlobal
