<?xml version="1.0" encoding="utf-8"?>
<Project ToolsVersion="4.0" xmlns="http://schemas.microsoft.com/developer/msbuild/2003">
  <ItemGroup>
    <Filter Include="Source Files">
      <UniqueIdentifier>{4FC737F1-C7A5-4376-A066-2A32D752A2FF}</UniqueIdentifier>
      <Extensions>cpp;c;cc;cxx;c++;cppm;ixx;def;odl;idl;hpj;bat;asm;asmx</Extensions>
    </Filter>
    <Filter Include="Resource Files">
      <UniqueIdentifier>{bed2f2d1-0695-488a-a49f-e8f77ab209f5}</UniqueIdentifier>
    </Filter>
    <Filter Include="Source Files\Platform">
      <UniqueIdentifier>{74233341-01f8-4bde-910c-2befbbb0d033}</UniqueIdentifier>
    </Filter>
    <Filter Include="Source Files\Memory">
      <UniqueIdentifier>{3fd5d1b1-d24b-440f-a74e-3b9bbd26461f}</UniqueIdentifier>
    </Filter>
    <Filter Include="Source Files\Core">
      <UniqueIdentifier>{15731c35-3952-44c7-ac68-1e927f9c8c3a}</UniqueIdentifier>
    </Filter>
    <Filter Include="Source Files\Math">
      <UniqueIdentifier>{32ba4811-63bc-4c0c-8635-03fcfab7cb3c}</UniqueIdentifier>
    </Filter>
    <Filter Include="Source Files\Rendering">
      <UniqueIdentifier>{424eb8f9-f7e2-4834-833f-a345cc4d17bb}</UniqueIdentifier>
    </Filter>
    <Filter Include="Source Files\Containers">
      <UniqueIdentifier>{5595688b-3ff6-4bd2-9887-0f6a23b23d43}</UniqueIdentifier>
    </Filter>
    <Filter Include="Source Files\Resources">
      <UniqueIdentifier>{a2468113-cc71-4f5a-a30c-d0f3aa530ac4}</UniqueIdentifier>
    </Filter>
    <Filter Include="Source Files\Platform\Input">
      <UniqueIdentifier>{bf9b158d-41f1-4872-be72-20c117c9e65d}</UniqueIdentifier>
    </Filter>
    <Filter Include="Source Files\Platform\Multithreading">
      <UniqueIdentifier>{31a517af-19ea-4978-b274-99eab1d08649}</UniqueIdentifier>
    </Filter>
    <Filter Include="Source Files\External">
      <UniqueIdentifier>{55a9f224-ea4f-4eb7-a619-62a6a3ab505f}</UniqueIdentifier>
    </Filter>
    <Filter Include="Source Files\Platform\Audio">
      <UniqueIdentifier>{aeb6384d-a089-44d2-b2cc-9bc52c467d0a}</UniqueIdentifier>
    </Filter>
    <Filter Include="Source Files\Resources\Shader">
      <UniqueIdentifier>{00aa8a7e-6909-49ce-b2fb-f60037ebbcc9}</UniqueIdentifier>
    </Filter>
    <Filter Include="Source Files\Resources\Entities">
      <UniqueIdentifier>{d687f639-2dc7-4e3e-86d2-c39c7aca3486}</UniqueIdentifier>
    </Filter>
    <Filter Include="Source Files\Resources\Entities\Components">
      <UniqueIdentifier>{a70574bd-046c-4eea-84bc-73dd8ab2a79d}</UniqueIdentifier>
    </Filter>
    <Filter Include="Source Files\External\Discord">
      <UniqueIdentifier>{d3c3c18e-efc3-4882-a62c-21b2f3db31e1}</UniqueIdentifier>
    </Filter>
    <Filter Include="Source Files\Networking">
      <UniqueIdentifier>{e1a2a3e3-6e47-4788-9988-8a03c53744d2}</UniqueIdentifier>
    </Filter>
    <Filter Include="Source Files\Resources\Shader\glslang">
      <UniqueIdentifier>{0589e151-a562-40a5-a174-b319fdc9296c}</UniqueIdentifier>
    </Filter>
    <Filter Include="Source Files\Resources\Shader\SPIRV">
      <UniqueIdentifier>{2dd81cdc-c3dd-4a35-9bc9-16f9e54daf48}</UniqueIdentifier>
    </Filter>
    <Filter Include="Source Files\Resources\Shader\spirv_cross">
      <UniqueIdentifier>{c0e0ff1f-0f50-4eec-b6ef-fb558cbad7dd}</UniqueIdentifier>
    </Filter>
    <Filter Include="Source Files\Resources\Shader\spirv-headers">
      <UniqueIdentifier>{9fcc2a5d-2001-4b44-81da-812dc9bef296}</UniqueIdentifier>
    </Filter>
    <Filter Include="Source Files\Resources\Shader\StandAlone">
      <UniqueIdentifier>{935699ac-6226-4496-a873-5eee6bcda030}</UniqueIdentifier>
    </Filter>
    <Filter Include="Source Files\Resources\Shader\spirv-tools">
      <UniqueIdentifier>{75fb2611-471b-4428-b1bc-f63f471ab7cc}</UniqueIdentifier>
    </Filter>
    <Filter Include="Source Files\Rendering\2D">
      <UniqueIdentifier>{6781dba1-f0df-4140-98e4-25a913abce18}</UniqueIdentifier>
    </Filter>
    <Filter Include="Source Files\Math\Physics">
      <UniqueIdentifier>{235fa868-c4c7-454e-9674-291dbb09f339}</UniqueIdentifier>
    </Filter>
    <Filter Include="Source Files\External\Steam">
      <UniqueIdentifier>{ec11c1c2-a912-406f-9132-ab3976946cd8}</UniqueIdentifier>
    </Filter>
  </ItemGroup>
  <ItemGroup>
    <ClInclude Include="Engine\Defines.hpp">
      <Filter>Source Files</Filter>
    </ClInclude>
    <ClInclude Include="Engine\Engine.hpp">
      <Filter>Source Files</Filter>
    </ClInclude>
    <ClInclude Include="Engine\Resources\Resources.hpp">
      <Filter>Source Files\Resources</Filter>
    </ClInclude>
    <ClInclude Include="Engine\Platform\Input.hpp">
      <Filter>Source Files\Platform\Input</Filter>
    </ClInclude>
    <ClInclude Include="Engine\Platform\Controller.hpp">
      <Filter>Source Files\Platform\Input</Filter>
    </ClInclude>
    <ClInclude Include="Engine\Platform\Device.hpp">
      <Filter>Source Files\Platform\Input</Filter>
    </ClInclude>
    <ClInclude Include="Engine\Rendering\Renderer.hpp">
      <Filter>Source Files\Rendering</Filter>
    </ClInclude>
    <ClInclude Include="Engine\Rendering\RenderingDefines.hpp">
      <Filter>Source Files\Rendering</Filter>
    </ClInclude>
    <ClInclude Include="Engine\TypeTraits.hpp">
      <Filter>Source Files</Filter>
    </ClInclude>
    <ClInclude Include="Engine\Rendering\CommandBuffer.hpp">
      <Filter>Source Files\Rendering</Filter>
    </ClInclude>
    <ClInclude Include="Engine\Resources\ResourceDefines.hpp">
      <Filter>Source Files\Resources</Filter>
    </ClInclude>
    <ClInclude Include="Engine\Math\Color.hpp">
      <Filter>Source Files\Math</Filter>
    </ClInclude>
    <ClInclude Include="Engine\Resources\Scene.hpp">
      <Filter>Source Files\Resources</Filter>
    </ClInclude>
    <ClInclude Include="Engine\SIMD.hpp">
      <Filter>Source Files</Filter>
    </ClInclude>
    <ClInclude Include="Engine\Rendering\Swapchain.hpp">
      <Filter>Source Files\Rendering</Filter>
    </ClInclude>
    <ClInclude Include="Engine\Rendering\Pipeline.hpp">
      <Filter>Source Files\Rendering</Filter>
    </ClInclude>
    <ClInclude Include="Engine\External\stb_image.h">
      <Filter>Source Files\External</Filter>
    </ClInclude>
    <ClInclude Include="Engine\External\stb_truetype.h">
      <Filter>Source Files\External</Filter>
    </ClInclude>
    <ClInclude Include="Engine\Resources\Font.hpp">
      <Filter>Source Files\Resources</Filter>
    </ClInclude>
    <ClInclude Include="Engine\Resources\Material.hpp">
      <Filter>Source Files\Resources</Filter>
    </ClInclude>
    <ClInclude Include="Engine\Resources\Mesh.hpp">
      <Filter>Source Files\Resources</Filter>
    </ClInclude>
    <ClInclude Include="Engine\Introspection.hpp">
      <Filter>Source Files</Filter>
    </ClInclude>
    <ClInclude Include="Engine\Resources\Component.hpp">
      <Filter>Source Files\Resources\Entities\Components</Filter>
    </ClInclude>
    <ClInclude Include="Engine\External\Discord\voice_manager.h">
      <Filter>Source Files\External\Discord</Filter>
    </ClInclude>
    <ClInclude Include="Engine\External\Discord\achievement_manager.h">
      <Filter>Source Files\External\Discord</Filter>
    </ClInclude>
    <ClInclude Include="Engine\External\Discord\activity_manager.h">
      <Filter>Source Files\External\Discord</Filter>
    </ClInclude>
    <ClInclude Include="Engine\External\Discord\application_manager.h">
      <Filter>Source Files\External\Discord</Filter>
    </ClInclude>
    <ClInclude Include="Engine\External\Discord\core.h">
      <Filter>Source Files\External\Discord</Filter>
    </ClInclude>
    <ClInclude Include="Engine\External\Discord\discord.h">
      <Filter>Source Files\External\Discord</Filter>
    </ClInclude>
    <ClInclude Include="Engine\External\Discord\event.h">
      <Filter>Source Files\External\Discord</Filter>
    </ClInclude>
    <ClInclude Include="Engine\External\Discord\ffi.h">
      <Filter>Source Files\External\Discord</Filter>
    </ClInclude>
    <ClInclude Include="Engine\External\Discord\image_manager.h">
      <Filter>Source Files\External\Discord</Filter>
    </ClInclude>
    <ClInclude Include="Engine\External\Discord\lobby_manager.h">
      <Filter>Source Files\External\Discord</Filter>
    </ClInclude>
    <ClInclude Include="Engine\External\Discord\network_manager.h">
      <Filter>Source Files\External\Discord</Filter>
    </ClInclude>
    <ClInclude Include="Engine\External\Discord\overlay_manager.h">
      <Filter>Source Files\External\Discord</Filter>
    </ClInclude>
    <ClInclude Include="Engine\External\Discord\relationship_manager.h">
      <Filter>Source Files\External\Discord</Filter>
    </ClInclude>
    <ClInclude Include="Engine\External\Discord\storage_manager.h">
      <Filter>Source Files\External\Discord</Filter>
    </ClInclude>
    <ClInclude Include="Engine\External\Discord\store_manager.h">
      <Filter>Source Files\External\Discord</Filter>
    </ClInclude>
    <ClInclude Include="Engine\External\Discord\types.h">
      <Filter>Source Files\External\Discord</Filter>
    </ClInclude>
    <ClInclude Include="Engine\External\Discord\user_manager.h">
      <Filter>Source Files\External\Discord</Filter>
    </ClInclude>
    <ClInclude Include="Engine\External\stb_vorbis.h">
      <Filter>Source Files\External</Filter>
    </ClInclude>
    <ClInclude Include="Engine\Resources\Shader\Shader.hpp">
      <Filter>Source Files\Resources\Shader</Filter>
    </ClInclude>
    <ClInclude Include="Engine\Resources\Shader\glslang\build_info.h">
      <Filter>Source Files\Resources\Shader\glslang</Filter>
    </ClInclude>
    <ClInclude Include="Engine\Resources\Shader\glslang\Include\arrays.h">
      <Filter>Source Files\Resources\Shader\glslang</Filter>
    </ClInclude>
    <ClInclude Include="Engine\Resources\Shader\glslang\Include\BaseTypes.h">
      <Filter>Source Files\Resources\Shader\glslang</Filter>
    </ClInclude>
    <ClInclude Include="Engine\Resources\Shader\glslang\Include\Common.h">
      <Filter>Source Files\Resources\Shader\glslang</Filter>
    </ClInclude>
    <ClInclude Include="Engine\Resources\Shader\glslang\Include\ConstantUnion.h">
      <Filter>Source Files\Resources\Shader\glslang</Filter>
    </ClInclude>
    <ClInclude Include="Engine\Resources\Shader\glslang\Include\glslang_c_interface.h">
      <Filter>Source Files\Resources\Shader\glslang</Filter>
    </ClInclude>
    <ClInclude Include="Engine\Resources\Shader\glslang\Include\glslang_c_shader_types.h">
      <Filter>Source Files\Resources\Shader\glslang</Filter>
    </ClInclude>
    <ClInclude Include="Engine\Resources\Shader\glslang\Include\InfoSink.h">
      <Filter>Source Files\Resources\Shader\glslang</Filter>
    </ClInclude>
    <ClInclude Include="Engine\Resources\Shader\glslang\Include\InitializeGlobals.h">
      <Filter>Source Files\Resources\Shader\glslang</Filter>
    </ClInclude>
    <ClInclude Include="Engine\Resources\Shader\glslang\Include\intermediate.h">
      <Filter>Source Files\Resources\Shader\glslang</Filter>
    </ClInclude>
    <ClInclude Include="Engine\Resources\Shader\glslang\Include\PoolAlloc.h">
      <Filter>Source Files\Resources\Shader\glslang</Filter>
    </ClInclude>
    <ClInclude Include="Engine\Resources\Shader\glslang\Include\ResourceLimits.h">
      <Filter>Source Files\Resources\Shader\glslang</Filter>
    </ClInclude>
    <ClInclude Include="Engine\Resources\Shader\glslang\Include\ShHandle.h">
      <Filter>Source Files\Resources\Shader\glslang</Filter>
    </ClInclude>
    <ClInclude Include="Engine\Resources\Shader\glslang\Include\SpirvIntrinsics.h">
      <Filter>Source Files\Resources\Shader\glslang</Filter>
    </ClInclude>
    <ClInclude Include="Engine\Resources\Shader\glslang\Include\Types.h">
      <Filter>Source Files\Resources\Shader\glslang</Filter>
    </ClInclude>
    <ClInclude Include="Engine\Resources\Shader\glslang\MachineIndependent\attribute.h">
      <Filter>Source Files\Resources\Shader\glslang</Filter>
    </ClInclude>
    <ClInclude Include="Engine\Resources\Shader\glslang\MachineIndependent\glslang_tab.cpp.h">
      <Filter>Source Files\Resources\Shader\glslang</Filter>
    </ClInclude>
    <ClInclude Include="Engine\Resources\Shader\glslang\MachineIndependent\gl_types.h">
      <Filter>Source Files\Resources\Shader\glslang</Filter>
    </ClInclude>
    <ClInclude Include="Engine\Resources\Shader\glslang\MachineIndependent\Initialize.h">
      <Filter>Source Files\Resources\Shader\glslang</Filter>
    </ClInclude>
    <ClInclude Include="Engine\Resources\Shader\glslang\MachineIndependent\iomapper.h">
      <Filter>Source Files\Resources\Shader\glslang</Filter>
    </ClInclude>
    <ClInclude Include="Engine\Resources\Shader\glslang\MachineIndependent\LiveTraverser.h">
      <Filter>Source Files\Resources\Shader\glslang</Filter>
    </ClInclude>
    <ClInclude Include="Engine\Resources\Shader\glslang\MachineIndependent\localintermediate.h">
      <Filter>Source Files\Resources\Shader\glslang</Filter>
    </ClInclude>
    <ClInclude Include="Engine\Resources\Shader\glslang\MachineIndependent\ParseHelper.h">
      <Filter>Source Files\Resources\Shader\glslang</Filter>
    </ClInclude>
    <ClInclude Include="Engine\Resources\Shader\glslang\MachineIndependent\parseVersions.h">
      <Filter>Source Files\Resources\Shader\glslang</Filter>
    </ClInclude>
    <ClInclude Include="Engine\Resources\Shader\glslang\MachineIndependent\pch.h">
      <Filter>Source Files\Resources\Shader\glslang</Filter>
    </ClInclude>
    <ClInclude Include="Engine\Resources\Shader\glslang\MachineIndependent\preprocessor\PpContext.h">
      <Filter>Source Files\Resources\Shader\glslang</Filter>
    </ClInclude>
    <ClInclude Include="Engine\Resources\Shader\glslang\MachineIndependent\preprocessor\PpTokens.h">
      <Filter>Source Files\Resources\Shader\glslang</Filter>
    </ClInclude>
    <ClInclude Include="Engine\Resources\Shader\glslang\MachineIndependent\propagateNoContraction.h">
      <Filter>Source Files\Resources\Shader\glslang</Filter>
    </ClInclude>
    <ClInclude Include="Engine\Resources\Shader\glslang\MachineIndependent\reflection.h">
      <Filter>Source Files\Resources\Shader\glslang</Filter>
    </ClInclude>
    <ClInclude Include="Engine\Resources\Shader\glslang\MachineIndependent\RemoveTree.h">
      <Filter>Source Files\Resources\Shader\glslang</Filter>
    </ClInclude>
    <ClInclude Include="Engine\Resources\Shader\glslang\MachineIndependent\Scan.h">
      <Filter>Source Files\Resources\Shader\glslang</Filter>
    </ClInclude>
    <ClInclude Include="Engine\Resources\Shader\glslang\MachineIndependent\ScanContext.h">
      <Filter>Source Files\Resources\Shader\glslang</Filter>
    </ClInclude>
    <ClInclude Include="Engine\Resources\Shader\glslang\MachineIndependent\SymbolTable.h">
      <Filter>Source Files\Resources\Shader\glslang</Filter>
    </ClInclude>
    <ClInclude Include="Engine\Resources\Shader\glslang\MachineIndependent\Versions.h">
      <Filter>Source Files\Resources\Shader\glslang</Filter>
    </ClInclude>
    <ClInclude Include="Engine\Resources\Shader\glslang\OSDependent\osinclude.h">
      <Filter>Source Files\Resources\Shader\glslang</Filter>
    </ClInclude>
    <ClInclude Include="Engine\Resources\Shader\glslang\Public\ResourceLimits.h">
      <Filter>Source Files\Resources\Shader\glslang</Filter>
    </ClInclude>
    <ClInclude Include="Engine\Resources\Shader\glslang\Public\resource_limits_c.h">
      <Filter>Source Files\Resources\Shader\glslang</Filter>
    </ClInclude>
    <ClInclude Include="Engine\Resources\Shader\glslang\Public\ShaderLang.h">
      <Filter>Source Files\Resources\Shader\glslang</Filter>
    </ClInclude>
    <ClInclude Include="Engine\Resources\Shader\SPIRV\bitutils.h">
      <Filter>Source Files\Resources\Shader\SPIRV</Filter>
    </ClInclude>
    <ClInclude Include="Engine\Resources\Shader\SPIRV\disassemble.h">
      <Filter>Source Files\Resources\Shader\SPIRV</Filter>
    </ClInclude>
    <ClInclude Include="Engine\Resources\Shader\SPIRV\doc.h">
      <Filter>Source Files\Resources\Shader\SPIRV</Filter>
    </ClInclude>
    <ClInclude Include="Engine\Resources\Shader\SPIRV\GLSL.ext.AMD.h">
      <Filter>Source Files\Resources\Shader\SPIRV</Filter>
    </ClInclude>
    <ClInclude Include="Engine\Resources\Shader\SPIRV\GLSL.ext.ARM.h">
      <Filter>Source Files\Resources\Shader\SPIRV</Filter>
    </ClInclude>
    <ClInclude Include="Engine\Resources\Shader\SPIRV\GLSL.ext.EXT.h">
      <Filter>Source Files\Resources\Shader\SPIRV</Filter>
    </ClInclude>
    <ClInclude Include="Engine\Resources\Shader\SPIRV\GLSL.ext.KHR.h">
      <Filter>Source Files\Resources\Shader\SPIRV</Filter>
    </ClInclude>
    <ClInclude Include="Engine\Resources\Shader\SPIRV\GLSL.ext.NV.h">
      <Filter>Source Files\Resources\Shader\SPIRV</Filter>
    </ClInclude>
    <ClInclude Include="Engine\Resources\Shader\SPIRV\GLSL.ext.QCOM.h">
      <Filter>Source Files\Resources\Shader\SPIRV</Filter>
    </ClInclude>
    <ClInclude Include="Engine\Resources\Shader\SPIRV\GLSL.std.450.h">
      <Filter>Source Files\Resources\Shader\SPIRV</Filter>
    </ClInclude>
    <ClInclude Include="Engine\Resources\Shader\SPIRV\GlslangToSpv.h">
      <Filter>Source Files\Resources\Shader\SPIRV</Filter>
    </ClInclude>
    <ClInclude Include="Engine\Resources\Shader\SPIRV\hex_float.h">
      <Filter>Source Files\Resources\Shader\SPIRV</Filter>
    </ClInclude>
    <ClInclude Include="Engine\Resources\Shader\SPIRV\NonSemanticDebugPrintf.h">
      <Filter>Source Files\Resources\Shader\SPIRV</Filter>
    </ClInclude>
    <ClInclude Include="Engine\Resources\Shader\SPIRV\NonSemanticShaderDebugInfo100.h">
      <Filter>Source Files\Resources\Shader\SPIRV</Filter>
    </ClInclude>
    <ClInclude Include="Engine\Resources\Shader\SPIRV\spirv.hpp">
      <Filter>Source Files\Resources\Shader\SPIRV</Filter>
    </ClInclude>
    <ClInclude Include="Engine\Resources\Shader\SPIRV\SPIRVLogger.h">
      <Filter>Source Files\Resources\Shader\SPIRV</Filter>
    </ClInclude>
    <ClInclude Include="Engine\Resources\Shader\SPIRV\SpvBuilder.h">
      <Filter>Source Files\Resources\Shader\SPIRV</Filter>
    </ClInclude>
    <ClInclude Include="Engine\Resources\Shader\SPIRV\spvIR.h">
      <Filter>Source Files\Resources\Shader\SPIRV</Filter>
    </ClInclude>
    <ClInclude Include="Engine\Resources\Shader\SPIRV\SPVRemapper.h">
      <Filter>Source Files\Resources\Shader\SPIRV</Filter>
    </ClInclude>
    <ClInclude Include="Engine\Resources\Shader\SPIRV\SpvTools.h">
      <Filter>Source Files\Resources\Shader\SPIRV</Filter>
    </ClInclude>
    <ClInclude Include="Engine\Resources\Shader\spirv_cross\GLSL.std.450.h">
      <Filter>Source Files\Resources\Shader\spirv_cross</Filter>
    </ClInclude>
    <ClInclude Include="Engine\Resources\Shader\spirv_cross\spirv.h">
      <Filter>Source Files\Resources\Shader\spirv_cross</Filter>
    </ClInclude>
    <ClInclude Include="Engine\Resources\Shader\spirv_cross\spirv.hpp">
      <Filter>Source Files\Resources\Shader\spirv_cross</Filter>
    </ClInclude>
    <ClInclude Include="Engine\Resources\Shader\spirv_cross\spirv_cfg.hpp">
      <Filter>Source Files\Resources\Shader\spirv_cross</Filter>
    </ClInclude>
    <ClInclude Include="Engine\Resources\Shader\spirv_cross\spirv_common.hpp">
      <Filter>Source Files\Resources\Shader\spirv_cross</Filter>
    </ClInclude>
    <ClInclude Include="Engine\Resources\Shader\spirv_cross\spirv_cpp.hpp">
      <Filter>Source Files\Resources\Shader\spirv_cross</Filter>
    </ClInclude>
    <ClInclude Include="Engine\Resources\Shader\spirv_cross\spirv_cross.hpp">
      <Filter>Source Files\Resources\Shader\spirv_cross</Filter>
    </ClInclude>
    <ClInclude Include="Engine\Resources\Shader\spirv_cross\spirv_cross_c.h">
      <Filter>Source Files\Resources\Shader\spirv_cross</Filter>
    </ClInclude>
    <ClInclude Include="Engine\Resources\Shader\spirv_cross\spirv_cross_containers.hpp">
      <Filter>Source Files\Resources\Shader\spirv_cross</Filter>
    </ClInclude>
    <ClInclude Include="Engine\Resources\Shader\spirv_cross\spirv_cross_error_handling.hpp">
      <Filter>Source Files\Resources\Shader\spirv_cross</Filter>
    </ClInclude>
    <ClInclude Include="Engine\Resources\Shader\spirv_cross\spirv_cross_parsed_ir.hpp">
      <Filter>Source Files\Resources\Shader\spirv_cross</Filter>
    </ClInclude>
    <ClInclude Include="Engine\Resources\Shader\spirv_cross\spirv_cross_util.hpp">
      <Filter>Source Files\Resources\Shader\spirv_cross</Filter>
    </ClInclude>
    <ClInclude Include="Engine\Resources\Shader\spirv_cross\spirv_glsl.hpp">
      <Filter>Source Files\Resources\Shader\spirv_cross</Filter>
    </ClInclude>
    <ClInclude Include="Engine\Resources\Shader\spirv_cross\spirv_hlsl.hpp">
      <Filter>Source Files\Resources\Shader\spirv_cross</Filter>
    </ClInclude>
    <ClInclude Include="Engine\Resources\Shader\spirv_cross\spirv_msl.hpp">
      <Filter>Source Files\Resources\Shader\spirv_cross</Filter>
    </ClInclude>
    <ClInclude Include="Engine\Resources\Shader\spirv_cross\spirv_parser.hpp">
      <Filter>Source Files\Resources\Shader\spirv_cross</Filter>
    </ClInclude>
    <ClInclude Include="Engine\Resources\Shader\spirv_cross\spirv_reflect.h">
      <Filter>Source Files\Resources\Shader\spirv_cross</Filter>
    </ClInclude>
    <ClInclude Include="Engine\Resources\Shader\spirv-headers\GLSL.std.450.h">
      <Filter>Source Files\Resources\Shader\spirv-headers</Filter>
    </ClInclude>
    <ClInclude Include="Engine\Resources\Shader\spirv-headers\spirv.h">
      <Filter>Source Files\Resources\Shader\spirv-headers</Filter>
    </ClInclude>
    <ClInclude Include="Engine\Resources\Shader\spirv-headers\spirv.hpp">
      <Filter>Source Files\Resources\Shader\spirv-headers</Filter>
    </ClInclude>
    <ClInclude Include="Engine\Resources\Shader\StandAlone\DirStackFileIncluder.h">
      <Filter>Source Files\Resources\Shader\StandAlone</Filter>
    </ClInclude>
    <ClInclude Include="Engine\Resources\Shader\StandAlone\Worklist.h">
      <Filter>Source Files\Resources\Shader\StandAlone</Filter>
    </ClInclude>
    <ClInclude Include="Engine\Resources\Shader\spirv-tools\libspirv.h">
      <Filter>Source Files\Resources\Shader\spirv-tools</Filter>
    </ClInclude>
    <ClInclude Include="Engine\Resources\Shader\spirv-tools\libspirv.hpp">
      <Filter>Source Files\Resources\Shader\spirv-tools</Filter>
    </ClInclude>
    <ClInclude Include="Engine\Resources\Shader\spirv-tools\linker.hpp">
      <Filter>Source Files\Resources\Shader\spirv-tools</Filter>
    </ClInclude>
    <ClInclude Include="Engine\Resources\Shader\spirv-tools\optimizer.hpp">
      <Filter>Source Files\Resources\Shader\spirv-tools</Filter>
    </ClInclude>
    <ClInclude Include="Engine\Rendering\UI.hpp">
      <Filter>Source Files\Rendering\2D</Filter>
    </ClInclude>
    <ClInclude Include="Engine\Rendering\Tilemap.hpp">
      <Filter>Source Files\Rendering\2D</Filter>
    </ClInclude>
    <ClInclude Include="Engine\Rendering\Sprite.hpp">
      <Filter>Source Files\Rendering\2D</Filter>
    </ClInclude>
    <ClInclude Include="Engine\Math\PhysicsDefines.hpp">
      <Filter>Source Files\Math\Physics</Filter>
    </ClInclude>
    <ClInclude Include="Engine\Math\Physics.hpp">
      <Filter>Source Files\Math\Physics</Filter>
    </ClInclude>
    <ClInclude Include="Engine\Math\Island.hpp">
      <Filter>Source Files\Math\Physics</Filter>
    </ClInclude>
    <ClInclude Include="Engine\Math\Broadphase.hpp">
      <Filter>Source Files\Math\Physics</Filter>
    </ClInclude>
    <ClInclude Include="Engine\External\Steam\isteamapps.h">
      <Filter>Source Files\External\Steam</Filter>
    </ClInclude>
    <ClInclude Include="Engine\External\Steam\isteamappticket.h">
      <Filter>Source Files\External\Steam</Filter>
    </ClInclude>
    <ClInclude Include="Engine\External\Steam\isteamclient.h">
      <Filter>Source Files\External\Steam</Filter>
    </ClInclude>
    <ClInclude Include="Engine\External\Steam\isteamcontroller.h">
      <Filter>Source Files\External\Steam</Filter>
    </ClInclude>
    <ClInclude Include="Engine\External\Steam\isteamdualsense.h">
      <Filter>Source Files\External\Steam</Filter>
    </ClInclude>
    <ClInclude Include="Engine\External\Steam\isteamfriends.h">
      <Filter>Source Files\External\Steam</Filter>
    </ClInclude>
    <ClInclude Include="Engine\External\Steam\isteamgamecoordinator.h">
      <Filter>Source Files\External\Steam</Filter>
    </ClInclude>
    <ClInclude Include="Engine\External\Steam\isteamgameserver.h">
      <Filter>Source Files\External\Steam</Filter>
    </ClInclude>
    <ClInclude Include="Engine\External\Steam\isteamgameserverstats.h">
      <Filter>Source Files\External\Steam</Filter>
    </ClInclude>
    <ClInclude Include="Engine\External\Steam\isteamhtmlsurface.h">
      <Filter>Source Files\External\Steam</Filter>
    </ClInclude>
    <ClInclude Include="Engine\External\Steam\isteamhttp.h">
      <Filter>Source Files\External\Steam</Filter>
    </ClInclude>
    <ClInclude Include="Engine\External\Steam\isteaminput.h">
      <Filter>Source Files\External\Steam</Filter>
    </ClInclude>
    <ClInclude Include="Engine\External\Steam\isteaminventory.h">
      <Filter>Source Files\External\Steam</Filter>
    </ClInclude>
    <ClInclude Include="Engine\External\Steam\isteammatchmaking.h">
      <Filter>Source Files\External\Steam</Filter>
    </ClInclude>
    <ClInclude Include="Engine\External\Steam\isteammusic.h">
      <Filter>Source Files\External\Steam</Filter>
    </ClInclude>
    <ClInclude Include="Engine\External\Steam\isteammusicremote.h">
      <Filter>Source Files\External\Steam</Filter>
    </ClInclude>
    <ClInclude Include="Engine\External\Steam\isteamnetworking.h">
      <Filter>Source Files\External\Steam</Filter>
    </ClInclude>
    <ClInclude Include="Engine\External\Steam\isteamnetworkingmessages.h">
      <Filter>Source Files\External\Steam</Filter>
    </ClInclude>
    <ClInclude Include="Engine\External\Steam\isteamnetworkingsockets.h">
      <Filter>Source Files\External\Steam</Filter>
    </ClInclude>
    <ClInclude Include="Engine\External\Steam\isteamnetworkingutils.h">
      <Filter>Source Files\External\Steam</Filter>
    </ClInclude>
    <ClInclude Include="Engine\External\Steam\isteamparentalsettings.h">
      <Filter>Source Files\External\Steam</Filter>
    </ClInclude>
    <ClInclude Include="Engine\External\Steam\isteamps3overlayrenderer.h">
      <Filter>Source Files\External\Steam</Filter>
    </ClInclude>
    <ClInclude Include="Engine\External\Steam\isteamremoteplay.h">
      <Filter>Source Files\External\Steam</Filter>
    </ClInclude>
    <ClInclude Include="Engine\External\Steam\isteamremotestorage.h">
      <Filter>Source Files\External\Steam</Filter>
    </ClInclude>
    <ClInclude Include="Engine\External\Steam\isteamscreenshots.h">
      <Filter>Source Files\External\Steam</Filter>
    </ClInclude>
    <ClInclude Include="Engine\External\Steam\isteamugc.h">
      <Filter>Source Files\External\Steam</Filter>
    </ClInclude>
    <ClInclude Include="Engine\External\Steam\isteamuser.h">
      <Filter>Source Files\External\Steam</Filter>
    </ClInclude>
    <ClInclude Include="Engine\External\Steam\isteamuserstats.h">
      <Filter>Source Files\External\Steam</Filter>
    </ClInclude>
    <ClInclude Include="Engine\External\Steam\isteamutils.h">
      <Filter>Source Files\External\Steam</Filter>
    </ClInclude>
    <ClInclude Include="Engine\External\Steam\isteamvideo.h">
      <Filter>Source Files\External\Steam</Filter>
    </ClInclude>
    <ClInclude Include="Engine\External\Steam\matchmakingtypes.h">
      <Filter>Source Files\External\Steam</Filter>
    </ClInclude>
    <ClInclude Include="Engine\External\Steam\steamclientpublic.h">
      <Filter>Source Files\External\Steam</Filter>
    </ClInclude>
    <ClInclude Include="Engine\External\Steam\steamencryptedappticket.h">
      <Filter>Source Files\External\Steam</Filter>
    </ClInclude>
    <ClInclude Include="Engine\External\Steam\steamhttpenums.h">
      <Filter>Source Files\External\Steam</Filter>
    </ClInclude>
    <ClInclude Include="Engine\External\Steam\steamnetworkingfakeip.h">
      <Filter>Source Files\External\Steam</Filter>
    </ClInclude>
    <ClInclude Include="Engine\External\Steam\steamnetworkingtypes.h">
      <Filter>Source Files\External\Steam</Filter>
    </ClInclude>
    <ClInclude Include="Engine\External\Steam\steamps3params.h">
      <Filter>Source Files\External\Steam</Filter>
    </ClInclude>
    <ClInclude Include="Engine\External\Steam\steamtypes.h">
      <Filter>Source Files\External\Steam</Filter>
    </ClInclude>
    <ClInclude Include="Engine\External\Steam\steamuniverse.h">
      <Filter>Source Files\External\Steam</Filter>
    </ClInclude>
    <ClInclude Include="Engine\External\Steam\steam_api.h">
      <Filter>Source Files\External\Steam</Filter>
    </ClInclude>
    <ClInclude Include="Engine\External\Steam\steam_api_common.h">
      <Filter>Source Files\External\Steam</Filter>
    </ClInclude>
    <ClInclude Include="Engine\External\Steam\steam_api_flat.h">
      <Filter>Source Files\External\Steam</Filter>
    </ClInclude>
    <ClInclude Include="Engine\External\Steam\steam_api_internal.h">
      <Filter>Source Files\External\Steam</Filter>
    </ClInclude>
    <ClInclude Include="Engine\External\Steam\steam_gameserver.h">
      <Filter>Source Files\External\Steam</Filter>
    </ClInclude>
    <ClInclude Include="Engine\Math\Math.hpp">
      <Filter>Source Files\Math</Filter>
    </ClInclude>
  </ItemGroup>
  <ItemGroup>
    <ClCompile Include="Engine\Platform\PlatformWindows.cpp">
      <Filter>Source Files\Platform</Filter>
    </ClCompile>
    <ClCompile Include="Engine\Engine.cpp">
      <Filter>Source Files</Filter>
    </ClCompile>
    <ClCompile Include="Engine\Memory\Memory.cpp">
      <Filter>Source Files\Memory</Filter>
    </ClCompile>
    <ClCompile Include="Engine\Resources\Resources.cpp">
      <Filter>Source Files\Resources</Filter>
    </ClCompile>
    <ClCompile Include="Engine\Platform\Input.cpp">
      <Filter>Source Files\Platform\Input</Filter>
    </ClCompile>
    <ClCompile Include="Engine\Platform\Controller.cpp">
      <Filter>Source Files\Platform\Input</Filter>
    </ClCompile>
    <ClCompile Include="Engine\Platform\Device.cpp">
      <Filter>Source Files\Platform\Input</Filter>
    </ClCompile>
    <ClCompile Include="Engine\Core\File.cpp">
      <Filter>Source Files\Core</Filter>
    </ClCompile>
    <ClCompile Include="Engine\Rendering\Renderer.cpp">
      <Filter>Source Files\Rendering</Filter>
    </ClCompile>
    <ClCompile Include="Engine\Rendering\CommandBuffer.cpp">
      <Filter>Source Files\Rendering</Filter>
    </ClCompile>
    <ClCompile Include="Engine\Resources\ResourceDefines.cpp">
      <Filter>Source Files\Resources</Filter>
    </ClCompile>
    <ClCompile Include="Engine\Math\Color.cpp">
      <Filter>Source Files\Math</Filter>
    </ClCompile>
    <ClCompile Include="Engine\Resources\Scene.cpp">
      <Filter>Source Files\Resources</Filter>
    </ClCompile>
    <ClCompile Include="Engine\Rendering\Swapchain.cpp">
      <Filter>Source Files\Rendering</Filter>
    </ClCompile>
    <ClCompile Include="Engine\Rendering\Pipeline.cpp">
      <Filter>Source Files\Rendering</Filter>
    </ClCompile>
    <ClCompile Include="Engine\Resources\Font.cpp">
      <Filter>Source Files\Resources</Filter>
    </ClCompile>
    <ClCompile Include="Engine\Platform\Audio.cpp">
      <Filter>Source Files\Platform\Audio</Filter>
    </ClCompile>
    <ClCompile Include="Engine\Core\Events.cpp">
      <Filter>Source Files\Core</Filter>
    </ClCompile>
    <ClCompile Include="Engine\Resources\Material.cpp">
      <Filter>Source Files\Resources</Filter>
    </ClCompile>
    <ClCompile Include="Engine\Resources\Mesh.cpp">
      <Filter>Source Files\Resources</Filter>
    </ClCompile>
    <ClCompile Include="Engine\External\Discord\voice_manager.cpp">
      <Filter>Source Files\External\Discord</Filter>
    </ClCompile>
    <ClCompile Include="Engine\External\Discord\achievement_manager.cpp">
      <Filter>Source Files\External\Discord</Filter>
    </ClCompile>
    <ClCompile Include="Engine\External\Discord\activity_manager.cpp">
      <Filter>Source Files\External\Discord</Filter>
    </ClCompile>
    <ClCompile Include="Engine\External\Discord\application_manager.cpp">
      <Filter>Source Files\External\Discord</Filter>
    </ClCompile>
    <ClCompile Include="Engine\External\Discord\core.cpp">
      <Filter>Source Files\External\Discord</Filter>
    </ClCompile>
    <ClCompile Include="Engine\External\Discord\image_manager.cpp">
      <Filter>Source Files\External\Discord</Filter>
    </ClCompile>
    <ClCompile Include="Engine\External\Discord\lobby_manager.cpp">
      <Filter>Source Files\External\Discord</Filter>
    </ClCompile>
    <ClCompile Include="Engine\External\Discord\network_manager.cpp">
      <Filter>Source Files\External\Discord</Filter>
    </ClCompile>
    <ClCompile Include="Engine\External\Discord\overlay_manager.cpp">
      <Filter>Source Files\External\Discord</Filter>
    </ClCompile>
    <ClCompile Include="Engine\External\Discord\relationship_manager.cpp">
      <Filter>Source Files\External\Discord</Filter>
    </ClCompile>
    <ClCompile Include="Engine\External\Discord\storage_manager.cpp">
      <Filter>Source Files\External\Discord</Filter>
    </ClCompile>
    <ClCompile Include="Engine\External\Discord\store_manager.cpp">
      <Filter>Source Files\External\Discord</Filter>
    </ClCompile>
    <ClCompile Include="Engine\External\Discord\types.cpp">
      <Filter>Source Files\External\Discord</Filter>
    </ClCompile>
    <ClCompile Include="Engine\External\Discord\user_manager.cpp">
      <Filter>Source Files\External\Discord</Filter>
    </ClCompile>
    <ClCompile Include="Engine\Networking\Discord.cpp">
      <Filter>Source Files\Networking</Filter>
    </ClCompile>
    <ClCompile Include="Engine\Resources\Shader\Shader.cpp">
      <Filter>Source Files\Resources\Shader</Filter>
    </ClCompile>
    <ClCompile Include="Engine\Resources\Shader\glslang\CInterface\glslang_c_interface.cpp">
      <Filter>Source Files\Resources\Shader\glslang</Filter>
    </ClCompile>
    <ClCompile Include="Engine\Resources\Shader\glslang\GenericCodeGen\CodeGen.cpp">
      <Filter>Source Files\Resources\Shader\glslang</Filter>
    </ClCompile>
    <ClCompile Include="Engine\Resources\Shader\glslang\GenericCodeGen\Link.cpp">
      <Filter>Source Files\Resources\Shader\glslang</Filter>
    </ClCompile>
    <ClCompile Include="Engine\Resources\Shader\glslang\MachineIndependent\attribute.cpp">
      <Filter>Source Files\Resources\Shader\glslang</Filter>
    </ClCompile>
    <ClCompile Include="Engine\Resources\Shader\glslang\MachineIndependent\Constant.cpp">
      <Filter>Source Files\Resources\Shader\glslang</Filter>
    </ClCompile>
    <ClCompile Include="Engine\Resources\Shader\glslang\MachineIndependent\glslang_tab.cpp">
      <Filter>Source Files\Resources\Shader\glslang</Filter>
    </ClCompile>
    <ClCompile Include="Engine\Resources\Shader\glslang\MachineIndependent\InfoSink.cpp">
      <Filter>Source Files\Resources\Shader\glslang</Filter>
    </ClCompile>
    <ClCompile Include="Engine\Resources\Shader\glslang\MachineIndependent\Initialize.cpp">
      <Filter>Source Files\Resources\Shader\glslang</Filter>
    </ClCompile>
    <ClCompile Include="Engine\Resources\Shader\glslang\MachineIndependent\Intermediate.cpp">
      <Filter>Source Files\Resources\Shader\glslang</Filter>
    </ClCompile>
    <ClCompile Include="Engine\Resources\Shader\glslang\MachineIndependent\intermOut.cpp">
      <Filter>Source Files\Resources\Shader\glslang</Filter>
    </ClCompile>
    <ClCompile Include="Engine\Resources\Shader\glslang\MachineIndependent\IntermTraverse.cpp">
      <Filter>Source Files\Resources\Shader\glslang</Filter>
    </ClCompile>
    <ClCompile Include="Engine\Resources\Shader\glslang\MachineIndependent\iomapper.cpp">
      <Filter>Source Files\Resources\Shader\glslang</Filter>
    </ClCompile>
    <ClCompile Include="Engine\Resources\Shader\glslang\MachineIndependent\limits.cpp">
      <Filter>Source Files\Resources\Shader\glslang</Filter>
    </ClCompile>
    <ClCompile Include="Engine\Resources\Shader\glslang\MachineIndependent\linkValidate.cpp">
      <Filter>Source Files\Resources\Shader\glslang</Filter>
    </ClCompile>
    <ClCompile Include="Engine\Resources\Shader\glslang\MachineIndependent\parseConst.cpp">
      <Filter>Source Files\Resources\Shader\glslang</Filter>
    </ClCompile>
    <ClCompile Include="Engine\Resources\Shader\glslang\MachineIndependent\ParseContextBase.cpp">
      <Filter>Source Files\Resources\Shader\glslang</Filter>
    </ClCompile>
    <ClCompile Include="Engine\Resources\Shader\glslang\MachineIndependent\ParseHelper.cpp">
      <Filter>Source Files\Resources\Shader\glslang</Filter>
    </ClCompile>
    <ClCompile Include="Engine\Resources\Shader\glslang\MachineIndependent\PoolAlloc.cpp">
      <Filter>Source Files\Resources\Shader\glslang</Filter>
    </ClCompile>
    <ClCompile Include="Engine\Resources\Shader\glslang\MachineIndependent\preprocessor\Pp.cpp">
      <Filter>Source Files\Resources\Shader\glslang</Filter>
    </ClCompile>
    <ClCompile Include="Engine\Resources\Shader\glslang\MachineIndependent\preprocessor\PpAtom.cpp">
      <Filter>Source Files\Resources\Shader\glslang</Filter>
    </ClCompile>
    <ClCompile Include="Engine\Resources\Shader\glslang\MachineIndependent\preprocessor\PpContext.cpp">
      <Filter>Source Files\Resources\Shader\glslang</Filter>
    </ClCompile>
    <ClCompile Include="Engine\Resources\Shader\glslang\MachineIndependent\preprocessor\PpScanner.cpp">
      <Filter>Source Files\Resources\Shader\glslang</Filter>
    </ClCompile>
    <ClCompile Include="Engine\Resources\Shader\glslang\MachineIndependent\preprocessor\PpTokens.cpp">
      <Filter>Source Files\Resources\Shader\glslang</Filter>
    </ClCompile>
    <ClCompile Include="Engine\Resources\Shader\glslang\MachineIndependent\propagateNoContraction.cpp">
      <Filter>Source Files\Resources\Shader\glslang</Filter>
    </ClCompile>
    <ClCompile Include="Engine\Resources\Shader\glslang\MachineIndependent\reflection.cpp">
      <Filter>Source Files\Resources\Shader\glslang</Filter>
    </ClCompile>
    <ClCompile Include="Engine\Resources\Shader\glslang\MachineIndependent\RemoveTree.cpp">
      <Filter>Source Files\Resources\Shader\glslang</Filter>
    </ClCompile>
    <ClCompile Include="Engine\Resources\Shader\glslang\MachineIndependent\Scan.cpp">
      <Filter>Source Files\Resources\Shader\glslang</Filter>
    </ClCompile>
    <ClCompile Include="Engine\Resources\Shader\glslang\MachineIndependent\ShaderLang.cpp">
      <Filter>Source Files\Resources\Shader\glslang</Filter>
    </ClCompile>
    <ClCompile Include="Engine\Resources\Shader\glslang\MachineIndependent\SpirvIntrinsics.cpp">
      <Filter>Source Files\Resources\Shader\glslang</Filter>
    </ClCompile>
    <ClCompile Include="Engine\Resources\Shader\glslang\MachineIndependent\SymbolTable.cpp">
      <Filter>Source Files\Resources\Shader\glslang</Filter>
    </ClCompile>
    <ClCompile Include="Engine\Resources\Shader\glslang\MachineIndependent\Versions.cpp">
      <Filter>Source Files\Resources\Shader\glslang</Filter>
    </ClCompile>
    <ClCompile Include="Engine\Resources\Shader\glslang\OSDependent\Windows\ossource.cpp">
      <Filter>Source Files\Resources\Shader\glslang</Filter>
    </ClCompile>
    <ClCompile Include="Engine\Resources\Shader\glslang\ResourceLimits\ResourceLimits.cpp">
      <Filter>Source Files\Resources\Shader\glslang</Filter>
    </ClCompile>
    <ClCompile Include="Engine\Resources\Shader\glslang\ResourceLimits\resource_limits_c.cpp">
      <Filter>Source Files\Resources\Shader\glslang</Filter>
    </ClCompile>
    <ClCompile Include="Engine\Resources\Shader\SPIRV\CInterface\spirv_c_interface.cpp">
      <Filter>Source Files\Resources\Shader\SPIRV</Filter>
    </ClCompile>
    <ClCompile Include="Engine\Resources\Shader\SPIRV\disassemble.cpp">
      <Filter>Source Files\Resources\Shader\SPIRV</Filter>
    </ClCompile>
    <ClCompile Include="Engine\Resources\Shader\SPIRV\doc.cpp">
      <Filter>Source Files\Resources\Shader\SPIRV</Filter>
    </ClCompile>
    <ClCompile Include="Engine\Resources\Shader\SPIRV\GlslangToSpv.cpp">
      <Filter>Source Files\Resources\Shader\SPIRV</Filter>
    </ClCompile>
    <ClCompile Include="Engine\Resources\Shader\SPIRV\InReadableOrder.cpp">
      <Filter>Source Files\Resources\Shader\SPIRV</Filter>
    </ClCompile>
    <ClCompile Include="Engine\Resources\Shader\SPIRV\SPIRVLogger.cpp">
      <Filter>Source Files\Resources\Shader\SPIRV</Filter>
    </ClCompile>
    <ClCompile Include="Engine\Resources\Shader\SPIRV\SpvBuilder.cpp">
      <Filter>Source Files\Resources\Shader\SPIRV</Filter>
    </ClCompile>
    <ClCompile Include="Engine\Resources\Shader\SPIRV\SpvPostProcess.cpp">
      <Filter>Source Files\Resources\Shader\SPIRV</Filter>
    </ClCompile>
    <ClCompile Include="Engine\Resources\Shader\SPIRV\SPVRemapper.cpp">
      <Filter>Source Files\Resources\Shader\SPIRV</Filter>
    </ClCompile>
    <ClCompile Include="Engine\Resources\Shader\SPIRV\SpvTools.cpp">
      <Filter>Source Files\Resources\Shader\SPIRV</Filter>
    </ClCompile>
    <ClCompile Include="Engine\Resources\Shader\spirv_cross\spirv_cfg.cpp">
      <Filter>Source Files\Resources\Shader\spirv_cross</Filter>
    </ClCompile>
    <ClCompile Include="Engine\Resources\Shader\spirv_cross\spirv_cpp.cpp">
      <Filter>Source Files\Resources\Shader\spirv_cross</Filter>
    </ClCompile>
    <ClCompile Include="Engine\Resources\Shader\spirv_cross\spirv_cross.cpp">
      <Filter>Source Files\Resources\Shader\spirv_cross</Filter>
    </ClCompile>
    <ClCompile Include="Engine\Resources\Shader\spirv_cross\spirv_cross_c.cpp">
      <Filter>Source Files\Resources\Shader\spirv_cross</Filter>
    </ClCompile>
    <ClCompile Include="Engine\Resources\Shader\spirv_cross\spirv_cross_parsed_ir.cpp">
      <Filter>Source Files\Resources\Shader\spirv_cross</Filter>
    </ClCompile>
    <ClCompile Include="Engine\Resources\Shader\spirv_cross\spirv_cross_util.cpp">
      <Filter>Source Files\Resources\Shader\spirv_cross</Filter>
    </ClCompile>
    <ClCompile Include="Engine\Resources\Shader\spirv_cross\spirv_glsl.cpp">
      <Filter>Source Files\Resources\Shader\spirv_cross</Filter>
    </ClCompile>
    <ClCompile Include="Engine\Resources\Shader\spirv_cross\spirv_hlsl.cpp">
      <Filter>Source Files\Resources\Shader\spirv_cross</Filter>
    </ClCompile>
    <ClCompile Include="Engine\Resources\Shader\spirv_cross\spirv_msl.cpp">
      <Filter>Source Files\Resources\Shader\spirv_cross</Filter>
    </ClCompile>
    <ClCompile Include="Engine\Resources\Shader\spirv_cross\spirv_parser.cpp">
      <Filter>Source Files\Resources\Shader\spirv_cross</Filter>
    </ClCompile>
    <ClCompile Include="Engine\Resources\Shader\spirv_cross\spirv_reflect.c">
      <Filter>Source Files\Resources\Shader\spirv_cross</Filter>
    </ClCompile>
    <ClCompile Include="Engine\Resources\Shader\StandAlone\spirv-remap.cpp">
      <Filter>Source Files\Resources\Shader\StandAlone</Filter>
    </ClCompile>
    <ClCompile Include="Engine\Resources\Shader\StandAlone\StandAlone.cpp">
      <Filter>Source Files\Resources\Shader\StandAlone</Filter>
    </ClCompile>
    <ClCompile Include="Engine\Rendering\Tilemap.cpp">
      <Filter>Source Files\Rendering\2D</Filter>
    </ClCompile>
    <ClCompile Include="Engine\Rendering\UI.cpp">
      <Filter>Source Files\Rendering\2D</Filter>
    </ClCompile>
    <ClCompile Include="Engine\Rendering\Sprite.cpp">
      <Filter>Source Files\Rendering\2D</Filter>
    </ClCompile>
    <ClCompile Include="Engine\Math\Physics.cpp">
      <Filter>Source Files\Math\Physics</Filter>
    </ClCompile>
    <ClCompile Include="Engine\Math\Island.cpp">
      <Filter>Source Files\Math\Physics</Filter>
    </ClCompile>
    <ClCompile Include="Engine\Math\PhysicsDefines.cpp">
      <Filter>Source Files\Math\Physics</Filter>
    </ClCompile>
    <ClCompile Include="Engine\Math\Broadphase.cpp">
      <Filter>Source Files\Math\Physics</Filter>
    </ClCompile>
    <ClCompile Include="Engine\Networking\Steam.cpp">
      <Filter>Source Files\Networking</Filter>
    </ClCompile>
    <ClCompile Include="Engine\Containers\Containers.ixx">
      <Filter>Source Files\Containers</Filter>
    </ClCompile>
    <ClCompile Include="Engine\Containers\Containers-Vector.ixx">
      <Filter>Source Files\Containers</Filter>
    </ClCompile>
    <ClCompile Include="Engine\Math\Math.ixx">
      <Filter>Source Files\Math</Filter>
    </ClCompile>
    <ClCompile Include="Engine\Math\Math-Types.ixx">
      <Filter>Source Files\Math</Filter>
    </ClCompile>
    <ClCompile Include="Engine\Math\Math-Functions.ixx">
      <Filter>Source Files\Math</Filter>
    </ClCompile>
    <ClCompile Include="Engine\Math\Math-Constants.ixx">
      <Filter>Source Files\Math</Filter>
    </ClCompile>
    <ClCompile Include="Engine\Platform\Multithreading.ixx">
      <Filter>Source Files\Platform\Multithreading</Filter>
    </ClCompile>
    <ClCompile Include="Engine\Platform\Multithreading-Jobs.ixx">
      <Filter>Source Files\Platform\Multithreading</Filter>
    </ClCompile>
    <ClCompile Include="Engine\Platform\Multithreading-Semaphore.ixx">
      <Filter>Source Files\Platform\Multithreading</Filter>
    </ClCompile>
    <ClCompile Include="Engine\Platform\ThreadSafety.ixx">
      <Filter>Source Files\Platform\Multithreading</Filter>
    </ClCompile>
    <ClCompile Include="Engine\Core\Core.ixx">
      <Filter>Source Files\Core</Filter>
    </ClCompile>
    <ClCompile Include="Engine\Core\Core-Time.ixx">
      <Filter>Source Files\Core</Filter>
    </ClCompile>
    <ClCompile Include="Engine\Core\Core-Logger.ixx">
      <Filter>Source Files\Core</Filter>
    </ClCompile>
    <ClCompile Include="Engine\Core\Time.cpp">
      <Filter>Source Files\Core</Filter>
    </ClCompile>
    <ClCompile Include="Engine\Core\Logger.cpp">
      <Filter>Source Files\Core</Filter>
    </ClCompile>
    <ClCompile Include="Engine\Math\Math.cpp">
      <Filter>Source Files\Math</Filter>
    </ClCompile>
    <ClCompile Include="Engine\Core\Core-File.ixx">
      <Filter>Source Files\Core</Filter>
    </ClCompile>
    <ClCompile Include="Engine\Core\Core-DataReader.ixx">
      <Filter>Source Files\Core</Filter>
    </ClCompile>
    <ClCompile Include="Engine\Core\Core-Events.ixx">
      <Filter>Source Files\Core</Filter>
    </ClCompile>
    <ClCompile Include="Engine\Core\Core-Function.ixx">
      <Filter>Source Files\Core</Filter>
    </ClCompile>
    <ClCompile Include="Engine\Containers\Containers-Freelist.ixx">
      <Filter>Source Files\Containers</Filter>
    </ClCompile>
    <ClCompile Include="Engine\Memory\Memory.ixx">
      <Filter>Source Files\Memory</Filter>
    </ClCompile>
    <ClCompile Include="Engine\Memory\Memory-Allocator.ixx">
      <Filter>Source Files\Memory</Filter>
    </ClCompile>
    <ClCompile Include="Engine\Memory\Memory-Utilities.ixx">
      <Filter>Source Files\Memory</Filter>
    </ClCompile>
    <ClCompile Include="Engine\Containers\Containers-SafeQueue.ixx">
      <Filter>Source Files\Containers</Filter>
    </ClCompile>
    <ClCompile Include="Engine\Containers\Containers-Queue.ixx">
      <Filter>Source Files\Containers</Filter>
    </ClCompile>
    <ClCompile Include="Engine\Platform\Jobs.cpp">
      <Filter>Source Files\Platform\Multithreading</Filter>
    </ClCompile>
    <ClCompile Include="Engine\Containers\Containers-Hashmap.ixx">
      <Filter>Source Files\Containers</Filter>
    </ClCompile>
    <ClCompile Include="Engine\Containers\Containers-Stack.ixx">
      <Filter>Source Files\Containers</Filter>
    </ClCompile>
    <ClCompile Include="Engine\Containers\Containers-Pair.ixx">
      <Filter>Source Files\Containers</Filter>
    </ClCompile>
    <ClCompile Include="Engine\Containers\Containers-Pool.ixx">
      <Filter>Source Files\Containers</Filter>
    </ClCompile>
    <ClCompile Include="Engine\Containers\Containers-String.ixx">
      <Filter>Source Files\Containers</Filter>
    </ClCompile>
    <ClCompile Include="Engine\Containers\Containers-Array.ixx">
      <Filter>Source Files\Containers</Filter>
    </ClCompile>
    <ClCompile Include="Engine\Containers\Containers-TypeList.ixx">
      <Filter>Source Files\Containers</Filter>
    </ClCompile>
    <ClCompile Include="Engine\Networking\Networking.ixx">
      <Filter>Source Files\Networking</Filter>
    </ClCompile>
    <ClCompile Include="Engine\Networking\Networking-Discord.ixx">
      <Filter>Source Files\Networking</Filter>
    </ClCompile>
    <ClCompile Include="Engine\Networking\Networking-Steam.ixx">
      <Filter>Source Files\Networking</Filter>
    </ClCompile>
    <ClCompile Include="Engine\Platform\Platform.ixx">
      <Filter>Source Files\Platform</Filter>
    </ClCompile>
    <ClCompile Include="Engine\Platform\Platform-Settings.ixx">
      <Filter>Source Files\Platform</Filter>
    </ClCompile>
    <ClCompile Include="Engine\Platform\Settings.cpp">
      <Filter>Source Files\Platform</Filter>
    </ClCompile>
    <ClCompile Include="Engine\Platform\Audio.ixx">
      <Filter>Source Files\Platform\Audio</Filter>
    </ClCompile>
    <ClCompile Include="Engine\Core\Core-Invocator.ixx">
      <Filter>Source Files\Core</Filter>
    </ClCompile>
  </ItemGroup>
</Project>