<?xml version="1.0" encoding="utf-8"?>
<Project ToolsVersion="4.0" xmlns="http://schemas.microsoft.com/developer/msbuild/2003">
  <ItemGroup>
    <Filter Include="Source Files">
      <UniqueIdentifier>{4FC737F1-C7A5-4376-A066-2A32D752A2FF}</UniqueIdentifier>
      <Extensions>cpp;c;cc;cxx;c++;cppm;ixx;def;odl;idl;hpj;bat;asm;asmx</Extensions>
    </Filter>
    <Filter Include="Source Files\Platform">
      <UniqueIdentifier>{df1c6871-6499-42a7-b4b2-04f318e1c089}</UniqueIdentifier>
    </Filter>
    <Filter Include="Source Files\Resources">
      <UniqueIdentifier>{996f19d4-0587-4379-8e04-e5538df03e8c}</UniqueIdentifier>
    </Filter>
    <Filter Include="Source Files\Multithreading">
      <UniqueIdentifier>{6c26a9d2-6966-45be-aa79-943b27ef21a2}</UniqueIdentifier>
    </Filter>
    <Filter Include="Source Files\Core">
      <UniqueIdentifier>{17828fe8-5146-4e49-a934-44b02dec0081}</UniqueIdentifier>
    </Filter>
    <Filter Include="Source Files\Math">
      <UniqueIdentifier>{c69d48df-4491-4742-b8a2-41e5b4ccd2ea}</UniqueIdentifier>
    </Filter>
    <Filter Include="Source Files\Containers">
      <UniqueIdentifier>{c4c74431-4284-45a4-9df4-feb2254ba380}</UniqueIdentifier>
    </Filter>
    <Filter Include="Source Files\Rendering">
      <UniqueIdentifier>{d762ae16-f95c-419b-a07d-f69318a32d3f}</UniqueIdentifier>
    </Filter>
  </ItemGroup>
  <ItemGroup>
    <ClInclude Include="Defines.hpp">
      <Filter>Source Files</Filter>
    </ClInclude>
    <ClInclude Include="Engine.hpp">
      <Filter>Source Files</Filter>
    </ClInclude>
    <ClInclude Include="Platform\Platform.hpp">
      <Filter>Source Files\Platform</Filter>
    </ClInclude>
    <ClInclude Include="Resources\Settings.hpp">
      <Filter>Source Files\Resources</Filter>
    </ClInclude>
    <ClInclude Include="Platform\WindowsInclude.hpp">
      <Filter>Source Files\Platform</Filter>
    </ClInclude>
    <ClInclude Include="Platform\Memory.hpp">
      <Filter>Source Files\Platform</Filter>
    </ClInclude>
    <ClInclude Include="Multithreading\ThreadSafety.hpp">
      <Filter>Source Files\Multithreading</Filter>
    </ClInclude>
    <ClInclude Include="TypeTraits.hpp">
      <Filter>Source Files</Filter>
    </ClInclude>
    <ClInclude Include="Core\Time.hpp">
      <Filter>Source Files\Core</Filter>
    </ClInclude>
    <ClInclude Include="Math\Math.hpp">
      <Filter>Source Files\Math</Filter>
    </ClInclude>
    <ClInclude Include="Multithreading\Jobs.hpp">
      <Filter>Source Files\Multithreading</Filter>
    </ClInclude>
    <ClInclude Include="Core\Logger.hpp">
      <Filter>Source Files\Core</Filter>
    </ClInclude>
    <ClInclude Include="Math\Hash.hpp">
      <Filter>Source Files\Math</Filter>
    </ClInclude>
    <ClInclude Include="Core\Events.hpp">
      <Filter>Source Files\Core</Filter>
    </ClInclude>
    <ClInclude Include="Containers\Function.hpp">
      <Filter>Source Files\Containers</Filter>
    </ClInclude>
    <ClInclude Include="Containers\Hashmap.hpp">
      <Filter>Source Files\Containers</Filter>
    </ClInclude>
    <ClInclude Include="Containers\SafeQueue.hpp">
      <Filter>Source Files\Containers</Filter>
    </ClInclude>
    <ClInclude Include="Containers\String.hpp">
      <Filter>Source Files\Containers</Filter>
    </ClInclude>
    <ClInclude Include="Containers\Vector.hpp">
      <Filter>Source Files\Containers</Filter>
    </ClInclude>
    <ClInclude Include="Platform\Input.hpp">
      <Filter>Source Files\Platform</Filter>
    </ClInclude>
    <ClInclude Include="Resources\Resources.hpp">
      <Filter>Source Files\Resources</Filter>
    </ClInclude>
    <ClInclude Include="Rendering\Renderer.hpp">
      <Filter>Source Files\Rendering</Filter>
    </ClInclude>
    <ClInclude Include="Rendering\Instance.hpp">
      <Filter>Source Files\Rendering</Filter>
    </ClInclude>
    <ClInclude Include="Rendering\VulkanInclude.hpp">
      <Filter>Source Files\Rendering</Filter>
    </ClInclude>
    <ClInclude Include="Core\File.hpp">
      <Filter>Source Files\Core</Filter>
    </ClInclude>
    <ClInclude Include="Core\Formatting.hpp">
      <Filter>Source Files\Core</Filter>
    </ClInclude>
    <ClInclude Include="Rendering\Device.hpp">
      <Filter>Source Files\Rendering</Filter>
    </ClInclude>
    <ClInclude Include="Rendering\PhysicalDevice.hpp">
      <Filter>Source Files\Rendering</Filter>
    </ClInclude>
    <ClInclude Include="Rendering\Swapchain.hpp">
      <Filter>Source Files\Rendering</Filter>
    </ClInclude>
    <ClInclude Include="Rendering\CommandBuffer.hpp">
      <Filter>Source Files\Rendering</Filter>
    </ClInclude>
    <ClInclude Include="Rendering\Renderpass.hpp">
      <Filter>Source Files\Rendering</Filter>
    </ClInclude>
    <ClInclude Include="Rendering\PipelineLayout.hpp">
      <Filter>Source Files\Rendering</Filter>
    </ClInclude>
    <ClInclude Include="Rendering\Pipeline.hpp">
      <Filter>Source Files\Rendering</Filter>
    </ClInclude>
    <ClInclude Include="Rendering\Shader.hpp">
      <Filter>Source Files\Rendering</Filter>
    </ClInclude>
    <ClInclude Include="Rendering\FrameBuffer.hpp">
      <Filter>Source Files\Rendering</Filter>
    </ClInclude>
    <ClInclude Include="Rendering\Camera.hpp">
      <Filter>Source Files\Rendering</Filter>
    </ClInclude>
    <ClInclude Include="Resources\Model.hpp">
      <Filter>Source Files\Resources</Filter>
    </ClInclude>
    <ClInclude Include="Resources\Texture.hpp">
      <Filter>Source Files\Resources</Filter>
    </ClInclude>
    <ClInclude Include="Resources\ResourceDefines.hpp">
      <Filter>Source Files\Resources</Filter>
    </ClInclude>
    <ClInclude Include="Rendering\Buffer.hpp">
      <Filter>Source Files\Rendering</Filter>
    </ClInclude>
    <ClInclude Include="Resources\Mesh.hpp">
      <Filter>Source Files\Resources</Filter>
    </ClInclude>
    <ClInclude Include="Resources\Bone.hpp">
      <Filter>Source Files\Resources</Filter>
    </ClInclude>
    <ClInclude Include="Resources\Node.hpp">
      <Filter>Source Files\Resources</Filter>
    </ClInclude>
    <ClInclude Include="Resources\Animation.hpp">
      <Filter>Source Files\Resources</Filter>
    </ClInclude>
    <ClInclude Include="Resources\ModelInstance.hpp">
      <Filter>Source Files\Resources</Filter>
    </ClInclude>
    <ClInclude Include="Containers\Stack.hpp">
      <Filter>Source Files\Containers</Filter>
    </ClInclude>
    <ClInclude Include="Containers\Pair.hpp">
      <Filter>Source Files\Containers</Filter>
    </ClInclude>
  </ItemGroup>
  <ItemGroup>
    <ClCompile Include="Engine.cpp">
      <Filter>Source Files</Filter>
    </ClCompile>
    <ClCompile Include="Platform\PlatformWindows.cpp">
      <Filter>Source Files\Platform</Filter>
    </ClCompile>
    <ClCompile Include="Resources\Settings.cpp">
      <Filter>Source Files\Resources</Filter>
    </ClCompile>
    <ClCompile Include="Multithreading\ThreadSafety.cpp">
      <Filter>Source Files\Multithreading</Filter>
    </ClCompile>
    <ClCompile Include="Platform\Memory.cpp">
      <Filter>Source Files\Platform</Filter>
    </ClCompile>
    <ClCompile Include="Core\Time.cpp">
      <Filter>Source Files\Core</Filter>
    </ClCompile>
    <ClCompile Include="Multithreading\Jobs.cpp">
      <Filter>Source Files\Multithreading</Filter>
    </ClCompile>
    <ClCompile Include="Core\Logger.cpp">
      <Filter>Source Files\Core</Filter>
    </ClCompile>
    <ClCompile Include="Platform\Input.cpp">
      <Filter>Source Files\Platform</Filter>
    </ClCompile>
    <ClCompile Include="Resources\Resources.cpp">
      <Filter>Source Files\Resources</Filter>
    </ClCompile>
    <ClCompile Include="Rendering\Instance.cpp">
      <Filter>Source Files\Rendering</Filter>
    </ClCompile>
    <ClCompile Include="Rendering\Renderer.cpp">
      <Filter>Source Files\Rendering</Filter>
    </ClCompile>
    <ClCompile Include="Core\File.cpp">
      <Filter>Source Files\Core</Filter>
    </ClCompile>
    <ClCompile Include="Rendering\Device.cpp">
      <Filter>Source Files\Rendering</Filter>
    </ClCompile>
    <ClCompile Include="Rendering\PhysicalDevice.cpp">
      <Filter>Source Files\Rendering</Filter>
    </ClCompile>
    <ClCompile Include="Rendering\Swapchain.cpp">
      <Filter>Source Files\Rendering</Filter>
    </ClCompile>
    <ClCompile Include="Rendering\CommandBuffer.cpp">
      <Filter>Source Files\Rendering</Filter>
    </ClCompile>
    <ClCompile Include="Rendering\Renderpass.cpp">
      <Filter>Source Files\Rendering</Filter>
    </ClCompile>
    <ClCompile Include="Rendering\PipelineLayout.cpp">
      <Filter>Source Files\Rendering</Filter>
    </ClCompile>
    <ClCompile Include="Rendering\Pipeline.cpp">
      <Filter>Source Files\Rendering</Filter>
    </ClCompile>
    <ClCompile Include="Rendering\Shader.cpp">
      <Filter>Source Files\Rendering</Filter>
    </ClCompile>
    <ClCompile Include="Rendering\FrameBuffer.cpp">
      <Filter>Source Files\Rendering</Filter>
    </ClCompile>
    <ClCompile Include="Rendering\Camera.cpp">
      <Filter>Source Files\Rendering</Filter>
    </ClCompile>
    <ClCompile Include="Rendering\Buffer.cpp">
      <Filter>Source Files\Rendering</Filter>
    </ClCompile>
  </ItemGroup>
</Project>